// !$*UTF8*$!
{
	archiveVersion = 1;
	classes = {
	};
	objectVersion = 46;
	objects = {

/* Begin PBXBuildFile section */
		D30AD0A11BB3FB880065EF01 /* Ultra 2016 WatchKit Extension.appex in Embed App Extensions */ = {isa = PBXBuildFile; fileRef = D34F212C1B3A6A000023F780 /* Ultra 2016 WatchKit Extension.appex */; settings = {ATTRIBUTES = (RemoveHeadersOnCopy, ); }; };
		D30AD0A41BB3FB880065EF01 /* Ultra 2016 WatchKit App.app in Embed Watch Content */ = {isa = PBXBuildFile; fileRef = D34F21391B3A6A000023F780 /* Ultra 2016 WatchKit App.app */; };
		D327233C1B0FED640076ACBD /* AppDelegate.swift in Sources */ = {isa = PBXBuildFile; fileRef = D327233B1B0FED640076ACBD /* AppDelegate.swift */; };
		D327233E1B0FED640076ACBD /* ViewController.swift in Sources */ = {isa = PBXBuildFile; fileRef = D327233D1B0FED640076ACBD /* ViewController.swift */; };
		D32723411B0FED640076ACBD /* Main.storyboard in Resources */ = {isa = PBXBuildFile; fileRef = D327233F1B0FED640076ACBD /* Main.storyboard */; };
		D32723431B0FED640076ACBD /* Images.xcassets in Resources */ = {isa = PBXBuildFile; fileRef = D32723421B0FED640076ACBD /* Images.xcassets */; };
		D32723461B0FED640076ACBD /* LaunchScreen.xib in Resources */ = {isa = PBXBuildFile; fileRef = D32723441B0FED640076ACBD /* LaunchScreen.xib */; };
		D32723521B0FED640076ACBD /* Ultra_CountdownTests.swift in Sources */ = {isa = PBXBuildFile; fileRef = D32723511B0FED640076ACBD /* Ultra_CountdownTests.swift */; };
		D327235C1B0FF5350076ACBD /* Icons in Resources */ = {isa = PBXBuildFile; fileRef = D327235B1B0FF5350076ACBD /* Icons */; };
		D327235E1B0FF7BD0076ACBD /* Launch Images in Resources */ = {isa = PBXBuildFile; fileRef = D327235D1B0FF7BD0076ACBD /* Launch Images */; };
		D32723611B1001050076ACBD /* Ultra_Background.png in Resources */ = {isa = PBXBuildFile; fileRef = D32723601B1001050076ACBD /* Ultra_Background.png */; };
		D34F21271B3A3D610023F780 /* Ultra_Background2.png in Resources */ = {isa = PBXBuildFile; fileRef = D34F21261B3A3D610023F780 /* Ultra_Background2.png */; };
		D34F21321B3A6A000023F780 /* InterfaceController.swift in Sources */ = {isa = PBXBuildFile; fileRef = D34F21311B3A6A000023F780 /* InterfaceController.swift */; };
		D34F21341B3A6A000023F780 /* NotificationController.swift in Sources */ = {isa = PBXBuildFile; fileRef = D34F21331B3A6A000023F780 /* NotificationController.swift */; };
		D34F21361B3A6A000023F780 /* Images.xcassets in Resources */ = {isa = PBXBuildFile; fileRef = D34F21351B3A6A000023F780 /* Images.xcassets */; };
		D34F21421B3A6A010023F780 /* Interface.storyboard in Resources */ = {isa = PBXBuildFile; fileRef = D34F21401B3A6A010023F780 /* Interface.storyboard */; };
		D34F21441B3A6A010023F780 /* Images.xcassets in Resources */ = {isa = PBXBuildFile; fileRef = D34F21431B3A6A010023F780 /* Images.xcassets */; };
		D34F21501B3A73D40023F780 /* ZB.png in Resources */ = {isa = PBXBuildFile; fileRef = D34F214F1B3A73D40023F780 /* ZB.png */; };
		D34F21511B3A73D40023F780 /* ZB.png in Resources */ = {isa = PBXBuildFile; fileRef = D34F214F1B3A73D40023F780 /* ZB.png */; };
		D34F21531B3A7F1F0023F780 /* ZB_short.png in Resources */ = {isa = PBXBuildFile; fileRef = D34F21521B3A7F1F0023F780 /* ZB_short.png */; };
		D34F21551B3A7F1F0023F780 /* ZB_short.png in Resources */ = {isa = PBXBuildFile; fileRef = D34F21521B3A7F1F0023F780 /* ZB_short.png */; };
		D3BA74361B65DC1F00B16067 /* Miami_Squad.jpeg in Resources */ = {isa = PBXBuildFile; fileRef = D3BA74341B65DC1F00B16067 /* Miami_Squad.jpeg */; };
		D3BA74371B65DC1F00B16067 /* Miami_Squad.jpeg in Resources */ = {isa = PBXBuildFile; fileRef = D3BA74341B65DC1F00B16067 /* Miami_Squad.jpeg */; };
		D3BA74381B65DC1F00B16067 /* Miami_Squad.png in Resources */ = {isa = PBXBuildFile; fileRef = D3BA74351B65DC1F00B16067 /* Miami_Squad.png */; };
		D3BA74391B65DC1F00B16067 /* Miami_Squad.png in Resources */ = {isa = PBXBuildFile; fileRef = D3BA74351B65DC1F00B16067 /* Miami_Squad.png */; };
		D3BA743B1B65DC9200B16067 /* Miami_Squad.jpeg in Resources */ = {isa = PBXBuildFile; fileRef = D3BA74341B65DC1F00B16067 /* Miami_Squad.jpeg */; };
		D3BA743C1B65DC9200B16067 /* Miami_Squad.png in Resources */ = {isa = PBXBuildFile; fileRef = D3BA74351B65DC1F00B16067 /* Miami_Squad.png */; };
		D3BA743D1B65DCA600B16067 /* ZB_short.png in Resources */ = {isa = PBXBuildFile; fileRef = D34F21521B3A7F1F0023F780 /* ZB_short.png */; };
/* End PBXBuildFile section */

/* Begin PBXContainerItemProxy section */
		D30AD09F1BB3FB880065EF01 /* PBXContainerItemProxy */ = {
			isa = PBXContainerItemProxy;
			containerPortal = D327232E1B0FED630076ACBD /* Project object */;
			proxyType = 1;
			remoteGlobalIDString = D34F212B1B3A6A000023F780;
			remoteInfo = "Ultra 2016 WatchKit Extension";
		};
		D30AD0A21BB3FB880065EF01 /* PBXContainerItemProxy */ = {
			isa = PBXContainerItemProxy;
			containerPortal = D327232E1B0FED630076ACBD /* Project object */;
			proxyType = 1;
			remoteGlobalIDString = D34F21381B3A6A000023F780;
			remoteInfo = "Ultra 2016 WatchKit App";
		};
		D327234C1B0FED640076ACBD /* PBXContainerItemProxy */ = {
			isa = PBXContainerItemProxy;
			containerPortal = D327232E1B0FED630076ACBD /* Project object */;
			proxyType = 1;
			remoteGlobalIDString = D32723351B0FED630076ACBD;
			remoteInfo = "Ultra Countdown";
		};
/* End PBXContainerItemProxy section */

/* Begin PBXCopyFilesBuildPhase section */
		D30AD0A51BB3FB880065EF01 /* Embed App Extensions */ = {
			isa = PBXCopyFilesBuildPhase;
			buildActionMask = 2147483647;
			dstPath = "";
			dstSubfolderSpec = 13;
			files = (
				D30AD0A11BB3FB880065EF01 /* Ultra 2016 WatchKit Extension.appex in Embed App Extensions */,
			);
			name = "Embed App Extensions";
			runOnlyForDeploymentPostprocessing = 0;
		};
		D30AD0A61BB3FB880065EF01 /* Embed Watch Content */ = {
			isa = PBXCopyFilesBuildPhase;
			buildActionMask = 2147483647;
			dstPath = "$(CONTENTS_FOLDER_PATH)/Watch";
			dstSubfolderSpec = 16;
			files = (
				D30AD0A41BB3FB880065EF01 /* Ultra 2016 WatchKit App.app in Embed Watch Content */,
			);
			name = "Embed Watch Content";
			runOnlyForDeploymentPostprocessing = 0;
		};
/* End PBXCopyFilesBuildPhase section */

/* Begin PBXFileReference section */
		D32723361B0FED640076ACBD /* Ultra Countdown.app */ = {isa = PBXFileReference; explicitFileType = wrapper.application; includeInIndex = 0; path = "Ultra Countdown.app"; sourceTree = BUILT_PRODUCTS_DIR; };
		D327233A1B0FED640076ACBD /* Info.plist */ = {isa = PBXFileReference; lastKnownFileType = text.plist.xml; path = Info.plist; sourceTree = "<group>"; };
		D327233B1B0FED640076ACBD /* AppDelegate.swift */ = {isa = PBXFileReference; lastKnownFileType = sourcecode.swift; path = AppDelegate.swift; sourceTree = "<group>"; };
		D327233D1B0FED640076ACBD /* ViewController.swift */ = {isa = PBXFileReference; lastKnownFileType = sourcecode.swift; path = ViewController.swift; sourceTree = "<group>"; };
		D32723401B0FED640076ACBD /* Base */ = {isa = PBXFileReference; lastKnownFileType = file.storyboard; name = Base; path = Base.lproj/Main.storyboard; sourceTree = "<group>"; };
		D32723421B0FED640076ACBD /* Images.xcassets */ = {isa = PBXFileReference; lastKnownFileType = folder.assetcatalog; path = Images.xcassets; sourceTree = "<group>"; };
		D32723451B0FED640076ACBD /* Base */ = {isa = PBXFileReference; lastKnownFileType = file.xib; name = Base; path = Base.lproj/LaunchScreen.xib; sourceTree = "<group>"; };
		D327234B1B0FED640076ACBD /* Ultra CountdownTests.xctest */ = {isa = PBXFileReference; explicitFileType = wrapper.cfbundle; includeInIndex = 0; path = "Ultra CountdownTests.xctest"; sourceTree = BUILT_PRODUCTS_DIR; };
		D32723501B0FED640076ACBD /* Info.plist */ = {isa = PBXFileReference; lastKnownFileType = text.plist.xml; path = Info.plist; sourceTree = "<group>"; };
		D32723511B0FED640076ACBD /* Ultra_CountdownTests.swift */ = {isa = PBXFileReference; lastKnownFileType = sourcecode.swift; path = Ultra_CountdownTests.swift; sourceTree = "<group>"; };
		D327235B1B0FF5350076ACBD /* Icons */ = {isa = PBXFileReference; lastKnownFileType = folder; path = Icons; sourceTree = "<group>"; };
		D327235D1B0FF7BD0076ACBD /* Launch Images */ = {isa = PBXFileReference; lastKnownFileType = folder; path = "Launch Images"; sourceTree = "<group>"; };
		D32723601B1001050076ACBD /* Ultra_Background.png */ = {isa = PBXFileReference; lastKnownFileType = image.png; path = Ultra_Background.png; sourceTree = "<group>"; };
		D34F21261B3A3D610023F780 /* Ultra_Background2.png */ = {isa = PBXFileReference; lastKnownFileType = image.png; path = Ultra_Background2.png; sourceTree = "<group>"; };
		D34F212C1B3A6A000023F780 /* Ultra 2016 WatchKit Extension.appex */ = {isa = PBXFileReference; explicitFileType = "wrapper.app-extension"; includeInIndex = 0; path = "Ultra 2016 WatchKit Extension.appex"; sourceTree = BUILT_PRODUCTS_DIR; };
		D34F212F1B3A6A000023F780 /* Info.plist */ = {isa = PBXFileReference; lastKnownFileType = text.plist.xml; path = Info.plist; sourceTree = "<group>"; };
		D34F21301B3A6A000023F780 /* PushNotificationPayload.apns */ = {isa = PBXFileReference; lastKnownFileType = text; path = PushNotificationPayload.apns; sourceTree = "<group>"; };
		D34F21311B3A6A000023F780 /* InterfaceController.swift */ = {isa = PBXFileReference; lastKnownFileType = sourcecode.swift; path = InterfaceController.swift; sourceTree = "<group>"; };
		D34F21331B3A6A000023F780 /* NotificationController.swift */ = {isa = PBXFileReference; lastKnownFileType = sourcecode.swift; path = NotificationController.swift; sourceTree = "<group>"; };
		D34F21351B3A6A000023F780 /* Images.xcassets */ = {isa = PBXFileReference; lastKnownFileType = folder.assetcatalog; path = Images.xcassets; sourceTree = "<group>"; };
		D34F21391B3A6A000023F780 /* Ultra 2016 WatchKit App.app */ = {isa = PBXFileReference; explicitFileType = wrapper.application; includeInIndex = 0; path = "Ultra 2016 WatchKit App.app"; sourceTree = BUILT_PRODUCTS_DIR; };
		D34F213F1B3A6A010023F780 /* Info.plist */ = {isa = PBXFileReference; lastKnownFileType = text.plist.xml; path = Info.plist; sourceTree = "<group>"; };
		D34F21411B3A6A010023F780 /* Base */ = {isa = PBXFileReference; lastKnownFileType = file.storyboard; name = Base; path = Base.lproj/Interface.storyboard; sourceTree = "<group>"; };
		D34F21431B3A6A010023F780 /* Images.xcassets */ = {isa = PBXFileReference; lastKnownFileType = folder.assetcatalog; path = Images.xcassets; sourceTree = "<group>"; };
		D34F214F1B3A73D40023F780 /* ZB.png */ = {isa = PBXFileReference; lastKnownFileType = image.png; path = ZB.png; sourceTree = "<group>"; };
		D34F21521B3A7F1F0023F780 /* ZB_short.png */ = {isa = PBXFileReference; lastKnownFileType = image.png; name = ZB_short.png; path = ../ZB_short.png; sourceTree = "<group>"; };
		D3BA74341B65DC1F00B16067 /* Miami_Squad.jpeg */ = {isa = PBXFileReference; lastKnownFileType = image.jpeg; path = Miami_Squad.jpeg; sourceTree = "<group>"; };
		D3BA74351B65DC1F00B16067 /* Miami_Squad.png */ = {isa = PBXFileReference; lastKnownFileType = image.png; path = Miami_Squad.png; sourceTree = "<group>"; };
/* End PBXFileReference section */

/* Begin PBXFrameworksBuildPhase section */
		D32723331B0FED630076ACBD /* Frameworks */ = {
			isa = PBXFrameworksBuildPhase;
			buildActionMask = 2147483647;
			files = (
			);
			runOnlyForDeploymentPostprocessing = 0;
		};
		D32723481B0FED640076ACBD /* Frameworks */ = {
			isa = PBXFrameworksBuildPhase;
			buildActionMask = 2147483647;
			files = (
			);
			runOnlyForDeploymentPostprocessing = 0;
		};
		D34F21291B3A6A000023F780 /* Frameworks */ = {
			isa = PBXFrameworksBuildPhase;
			buildActionMask = 2147483647;
			files = (
			);
			runOnlyForDeploymentPostprocessing = 0;
		};
/* End PBXFrameworksBuildPhase section */

/* Begin PBXGroup section */
		D327232D1B0FED630076ACBD = {
			isa = PBXGroup;
			children = (
				D327235F1B1000F30076ACBD /* Images */,
				D327235D1B0FF7BD0076ACBD /* Launch Images */,
				D327235B1B0FF5350076ACBD /* Icons */,
				D32723381B0FED640076ACBD /* Ultra Countdown */,
				D327234E1B0FED640076ACBD /* Ultra CountdownTests */,
				D34F212D1B3A6A000023F780 /* Ultra 2016 WatchKit Extension */,
				D34F213D1B3A6A000023F780 /* Ultra 2016 WatchKit App */,
				D32723371B0FED640076ACBD /* Products */,
			);
			sourceTree = "<group>";
		};
		D32723371B0FED640076ACBD /* Products */ = {
			isa = PBXGroup;
			children = (
				D32723361B0FED640076ACBD /* Ultra Countdown.app */,
				D327234B1B0FED640076ACBD /* Ultra CountdownTests.xctest */,
				D34F212C1B3A6A000023F780 /* Ultra 2016 WatchKit Extension.appex */,
				D34F21391B3A6A000023F780 /* Ultra 2016 WatchKit App.app */,
			);
			name = Products;
			sourceTree = "<group>";
		};
		D32723381B0FED640076ACBD /* Ultra Countdown */ = {
			isa = PBXGroup;
			children = (
				D327233B1B0FED640076ACBD /* AppDelegate.swift */,
				D327233D1B0FED640076ACBD /* ViewController.swift */,
				D327233F1B0FED640076ACBD /* Main.storyboard */,
				D32723421B0FED640076ACBD /* Images.xcassets */,
				D32723441B0FED640076ACBD /* LaunchScreen.xib */,
				D32723391B0FED640076ACBD /* Supporting Files */,
			);
			path = "Ultra Countdown";
			sourceTree = "<group>";
		};
		D32723391B0FED640076ACBD /* Supporting Files */ = {
			isa = PBXGroup;
			children = (
				D327233A1B0FED640076ACBD /* Info.plist */,
			);
			name = "Supporting Files";
			sourceTree = "<group>";
		};
		D327234E1B0FED640076ACBD /* Ultra CountdownTests */ = {
			isa = PBXGroup;
			children = (
				D32723511B0FED640076ACBD /* Ultra_CountdownTests.swift */,
				D327234F1B0FED640076ACBD /* Supporting Files */,
			);
			path = "Ultra CountdownTests";
			sourceTree = "<group>";
		};
		D327234F1B0FED640076ACBD /* Supporting Files */ = {
			isa = PBXGroup;
			children = (
				D32723501B0FED640076ACBD /* Info.plist */,
			);
			name = "Supporting Files";
			sourceTree = "<group>";
		};
		D327235F1B1000F30076ACBD /* Images */ = {
			isa = PBXGroup;
			children = (
				D34F214F1B3A73D40023F780 /* ZB.png */,
				D34F21261B3A3D610023F780 /* Ultra_Background2.png */,
				D32723601B1001050076ACBD /* Ultra_Background.png */,
			);
			name = Images;
			sourceTree = "<group>";
		};
		D34F212D1B3A6A000023F780 /* Ultra 2016 WatchKit Extension */ = {
			isa = PBXGroup;
			children = (
				D34F21311B3A6A000023F780 /* InterfaceController.swift */,
				D34F21331B3A6A000023F780 /* NotificationController.swift */,
				D34F21351B3A6A000023F780 /* Images.xcassets */,
				D34F212E1B3A6A000023F780 /* Supporting Files */,
			);
			path = "Ultra 2016 WatchKit Extension";
			sourceTree = "<group>";
		};
		D34F212E1B3A6A000023F780 /* Supporting Files */ = {
			isa = PBXGroup;
			children = (
				D34F212F1B3A6A000023F780 /* Info.plist */,
				D34F21301B3A6A000023F780 /* PushNotificationPayload.apns */,
			);
			name = "Supporting Files";
			sourceTree = "<group>";
		};
		D34F213D1B3A6A000023F780 /* Ultra 2016 WatchKit App */ = {
			isa = PBXGroup;
			children = (
				D34F21401B3A6A010023F780 /* Interface.storyboard */,
				D34F21521B3A7F1F0023F780 /* ZB_short.png */,
				D3BA74341B65DC1F00B16067 /* Miami_Squad.jpeg */,
				D3BA74351B65DC1F00B16067 /* Miami_Squad.png */,
				D34F21431B3A6A010023F780 /* Images.xcassets */,
				D34F213E1B3A6A010023F780 /* Supporting Files */,
			);
			path = "Ultra 2016 WatchKit App";
			sourceTree = "<group>";
		};
		D34F213E1B3A6A010023F780 /* Supporting Files */ = {
			isa = PBXGroup;
			children = (
				D34F213F1B3A6A010023F780 /* Info.plist */,
			);
			name = "Supporting Files";
			sourceTree = "<group>";
		};
/* End PBXGroup section */

/* Begin PBXNativeTarget section */
		D32723351B0FED630076ACBD /* Ultra Countdown */ = {
			isa = PBXNativeTarget;
			buildConfigurationList = D32723551B0FED640076ACBD /* Build configuration list for PBXNativeTarget "Ultra Countdown" */;
			buildPhases = (
				D32723321B0FED630076ACBD /* Sources */,
				D32723331B0FED630076ACBD /* Frameworks */,
				D32723341B0FED630076ACBD /* Resources */,
				D30AD0A61BB3FB880065EF01 /* Embed Watch Content */,
			);
			buildRules = (
			);
			dependencies = (
				D30AD0A31BB3FB880065EF01 /* PBXTargetDependency */,
			);
			name = "Ultra Countdown";
			productName = "Ultra Countdown";
			productReference = D32723361B0FED640076ACBD /* Ultra Countdown.app */;
			productType = "com.apple.product-type.application";
		};
		D327234A1B0FED640076ACBD /* Ultra CountdownTests */ = {
			isa = PBXNativeTarget;
			buildConfigurationList = D32723581B0FED640076ACBD /* Build configuration list for PBXNativeTarget "Ultra CountdownTests" */;
			buildPhases = (
				D32723471B0FED640076ACBD /* Sources */,
				D32723481B0FED640076ACBD /* Frameworks */,
				D32723491B0FED640076ACBD /* Resources */,
			);
			buildRules = (
			);
			dependencies = (
				D327234D1B0FED640076ACBD /* PBXTargetDependency */,
			);
			name = "Ultra CountdownTests";
			productName = "Ultra CountdownTests";
			productReference = D327234B1B0FED640076ACBD /* Ultra CountdownTests.xctest */;
			productType = "com.apple.product-type.bundle.unit-test";
		};
		D34F212B1B3A6A000023F780 /* Ultra 2016 WatchKit Extension */ = {
			isa = PBXNativeTarget;
			buildConfigurationList = D34F214B1B3A6A010023F780 /* Build configuration list for PBXNativeTarget "Ultra 2016 WatchKit Extension" */;
			buildPhases = (
				D34F21281B3A6A000023F780 /* Sources */,
				D34F21291B3A6A000023F780 /* Frameworks */,
				D34F212A1B3A6A000023F780 /* Resources */,
			);
			buildRules = (
			);
			dependencies = (
			);
			name = "Ultra 2016 WatchKit Extension";
			productName = "Ultra 2016 WatchKit Extension";
			productReference = D34F212C1B3A6A000023F780 /* Ultra 2016 WatchKit Extension.appex */;
			productType = "com.apple.product-type.watchkit2-extension";
		};
		D34F21381B3A6A000023F780 /* Ultra 2016 WatchKit App */ = {
			isa = PBXNativeTarget;
			buildConfigurationList = D34F21481B3A6A010023F780 /* Build configuration list for PBXNativeTarget "Ultra 2016 WatchKit App" */;
			buildPhases = (
				D34F21371B3A6A000023F780 /* Resources */,
				D30AD0A51BB3FB880065EF01 /* Embed App Extensions */,
			);
			buildRules = (
			);
			dependencies = (
				D30AD0A01BB3FB880065EF01 /* PBXTargetDependency */,
			);
			name = "Ultra 2016 WatchKit App";
			productName = "Ultra 2016 WatchKit App";
			productReference = D34F21391B3A6A000023F780 /* Ultra 2016 WatchKit App.app */;
			productType = "com.apple.product-type.application.watchapp2";
		};
/* End PBXNativeTarget section */

/* Begin PBXProject section */
		D327232E1B0FED630076ACBD /* Project object */ = {
			isa = PBXProject;
			attributes = {
				LastSwiftMigration = 0700;
				LastSwiftUpdateCheck = 0700;
				LastUpgradeCheck = 0700;
				ORGANIZATIONNAME = "Brian Hollingsworth";
				TargetAttributes = {
					D32723351B0FED630076ACBD = {
						CreatedOnToolsVersion = 6.3.2;
					};
					D327234A1B0FED640076ACBD = {
						CreatedOnToolsVersion = 6.3.2;
						TestTargetID = D32723351B0FED630076ACBD;
					};
					D34F212B1B3A6A000023F780 = {
						CreatedOnToolsVersion = 6.3.2;
					};
					D34F21381B3A6A000023F780 = {
						CreatedOnToolsVersion = 6.3.2;
						DevelopmentTeam = S5XTC974FL;
					};
				};
			};
			buildConfigurationList = D32723311B0FED630076ACBD /* Build configuration list for PBXProject "Ultra Countdown" */;
			compatibilityVersion = "Xcode 3.2";
			developmentRegion = English;
			hasScannedForEncodings = 0;
			knownRegions = (
				en,
				Base,
			);
			mainGroup = D327232D1B0FED630076ACBD;
			productRefGroup = D32723371B0FED640076ACBD /* Products */;
			projectDirPath = "";
			projectRoot = "";
			targets = (
				D32723351B0FED630076ACBD /* Ultra Countdown */,
				D327234A1B0FED640076ACBD /* Ultra CountdownTests */,
				D34F212B1B3A6A000023F780 /* Ultra 2016 WatchKit Extension */,
				D34F21381B3A6A000023F780 /* Ultra 2016 WatchKit App */,
			);
		};
/* End PBXProject section */

/* Begin PBXResourcesBuildPhase section */
		D32723341B0FED630076ACBD /* Resources */ = {
			isa = PBXResourcesBuildPhase;
			buildActionMask = 2147483647;
			files = (
				D3BA74381B65DC1F00B16067 /* Miami_Squad.png in Resources */,
				D3BA74361B65DC1F00B16067 /* Miami_Squad.jpeg in Resources */,
				D34F21271B3A3D610023F780 /* Ultra_Background2.png in Resources */,
				D32723611B1001050076ACBD /* Ultra_Background.png in Resources */,
				D32723411B0FED640076ACBD /* Main.storyboard in Resources */,
				D327235C1B0FF5350076ACBD /* Icons in Resources */,
				D327235E1B0FF7BD0076ACBD /* Launch Images in Resources */,
				D34F21501B3A73D40023F780 /* ZB.png in Resources */,
				D34F21531B3A7F1F0023F780 /* ZB_short.png in Resources */,
				D32723461B0FED640076ACBD /* LaunchScreen.xib in Resources */,
				D32723431B0FED640076ACBD /* Images.xcassets in Resources */,
			);
			runOnlyForDeploymentPostprocessing = 0;
		};
		D32723491B0FED640076ACBD /* Resources */ = {
			isa = PBXResourcesBuildPhase;
			buildActionMask = 2147483647;
			files = (
			);
			runOnlyForDeploymentPostprocessing = 0;
		};
		D34F212A1B3A6A000023F780 /* Resources */ = {
			isa = PBXResourcesBuildPhase;
			buildActionMask = 2147483647;
			files = (
				D3BA743D1B65DCA600B16067 /* ZB_short.png in Resources */,
				D3BA743B1B65DC9200B16067 /* Miami_Squad.jpeg in Resources */,
				D3BA743C1B65DC9200B16067 /* Miami_Squad.png in Resources */,
				D34F21361B3A6A000023F780 /* Images.xcassets in Resources */,
			);
			runOnlyForDeploymentPostprocessing = 0;
		};
		D34F21371B3A6A000023F780 /* Resources */ = {
			isa = PBXResourcesBuildPhase;
			buildActionMask = 2147483647;
			files = (
				D3BA74371B65DC1F00B16067 /* Miami_Squad.jpeg in Resources */,
				D34F21421B3A6A010023F780 /* Interface.storyboard in Resources */,
				D34F21511B3A73D40023F780 /* ZB.png in Resources */,
				D34F21551B3A7F1F0023F780 /* ZB_short.png in Resources */,
				D3BA74391B65DC1F00B16067 /* Miami_Squad.png in Resources */,
				D34F21441B3A6A010023F780 /* Images.xcassets in Resources */,
			);
			runOnlyForDeploymentPostprocessing = 0;
		};
/* End PBXResourcesBuildPhase section */

/* Begin PBXSourcesBuildPhase section */
		D32723321B0FED630076ACBD /* Sources */ = {
			isa = PBXSourcesBuildPhase;
			buildActionMask = 2147483647;
			files = (
				D327233E1B0FED640076ACBD /* ViewController.swift in Sources */,
				D327233C1B0FED640076ACBD /* AppDelegate.swift in Sources */,
			);
			runOnlyForDeploymentPostprocessing = 0;
		};
		D32723471B0FED640076ACBD /* Sources */ = {
			isa = PBXSourcesBuildPhase;
			buildActionMask = 2147483647;
			files = (
				D32723521B0FED640076ACBD /* Ultra_CountdownTests.swift in Sources */,
			);
			runOnlyForDeploymentPostprocessing = 0;
		};
		D34F21281B3A6A000023F780 /* Sources */ = {
			isa = PBXSourcesBuildPhase;
			buildActionMask = 2147483647;
			files = (
				D34F21341B3A6A000023F780 /* NotificationController.swift in Sources */,
				D34F21321B3A6A000023F780 /* InterfaceController.swift in Sources */,
			);
			runOnlyForDeploymentPostprocessing = 0;
		};
/* End PBXSourcesBuildPhase section */

/* Begin PBXTargetDependency section */
		D30AD0A01BB3FB880065EF01 /* PBXTargetDependency */ = {
			isa = PBXTargetDependency;
			target = D34F212B1B3A6A000023F780 /* Ultra 2016 WatchKit Extension */;
			targetProxy = D30AD09F1BB3FB880065EF01 /* PBXContainerItemProxy */;
		};
		D30AD0A31BB3FB880065EF01 /* PBXTargetDependency */ = {
			isa = PBXTargetDependency;
			target = D34F21381B3A6A000023F780 /* Ultra 2016 WatchKit App */;
			targetProxy = D30AD0A21BB3FB880065EF01 /* PBXContainerItemProxy */;
		};
		D327234D1B0FED640076ACBD /* PBXTargetDependency */ = {
			isa = PBXTargetDependency;
			target = D32723351B0FED630076ACBD /* Ultra Countdown */;
			targetProxy = D327234C1B0FED640076ACBD /* PBXContainerItemProxy */;
		};
/* End PBXTargetDependency section */

/* Begin PBXVariantGroup section */
		D327233F1B0FED640076ACBD /* Main.storyboard */ = {
			isa = PBXVariantGroup;
			children = (
				D32723401B0FED640076ACBD /* Base */,
			);
			name = Main.storyboard;
			sourceTree = "<group>";
		};
		D32723441B0FED640076ACBD /* LaunchScreen.xib */ = {
			isa = PBXVariantGroup;
			children = (
				D32723451B0FED640076ACBD /* Base */,
			);
			name = LaunchScreen.xib;
			sourceTree = "<group>";
		};
		D34F21401B3A6A010023F780 /* Interface.storyboard */ = {
			isa = PBXVariantGroup;
			children = (
				D34F21411B3A6A010023F780 /* Base */,
			);
			name = Interface.storyboard;
			sourceTree = "<group>";
		};
/* End PBXVariantGroup section */

/* Begin XCBuildConfiguration section */
		D32723531B0FED640076ACBD /* Debug */ = {
			isa = XCBuildConfiguration;
			buildSettings = {
				ALWAYS_SEARCH_USER_PATHS = NO;
				CLANG_CXX_LANGUAGE_STANDARD = "gnu++0x";
				CLANG_CXX_LIBRARY = "libc++";
				CLANG_ENABLE_MODULES = YES;
				CLANG_ENABLE_OBJC_ARC = YES;
				CLANG_WARN_BOOL_CONVERSION = YES;
				CLANG_WARN_CONSTANT_CONVERSION = YES;
				CLANG_WARN_DIRECT_OBJC_ISA_USAGE = YES_ERROR;
				CLANG_WARN_EMPTY_BODY = YES;
				CLANG_WARN_ENUM_CONVERSION = YES;
				CLANG_WARN_INT_CONVERSION = YES;
				CLANG_WARN_OBJC_ROOT_CLASS = YES_ERROR;
				CLANG_WARN_UNREACHABLE_CODE = YES;
				CLANG_WARN__DUPLICATE_METHOD_MATCH = YES;
				"CODE_SIGN_IDENTITY[sdk=iphoneos*]" = "iPhone Developer";
				COPY_PHASE_STRIP = NO;
				DEBUG_INFORMATION_FORMAT = "dwarf-with-dsym";
				ENABLE_STRICT_OBJC_MSGSEND = YES;
				ENABLE_TESTABILITY = YES;
				GCC_C_LANGUAGE_STANDARD = gnu99;
				GCC_DYNAMIC_NO_PIC = NO;
				GCC_NO_COMMON_BLOCKS = YES;
				GCC_OPTIMIZATION_LEVEL = 0;
				GCC_PREPROCESSOR_DEFINITIONS = (
					"DEBUG=1",
					"$(inherited)",
				);
				GCC_SYMBOLS_PRIVATE_EXTERN = NO;
				GCC_WARN_64_TO_32_BIT_CONVERSION = YES;
				GCC_WARN_ABOUT_RETURN_TYPE = YES_ERROR;
				GCC_WARN_UNDECLARED_SELECTOR = YES;
				GCC_WARN_UNINITIALIZED_AUTOS = YES_AGGRESSIVE;
				GCC_WARN_UNUSED_FUNCTION = YES;
				GCC_WARN_UNUSED_VARIABLE = YES;
				IPHONEOS_DEPLOYMENT_TARGET = 9.0;
				MTL_ENABLE_DEBUG_INFO = YES;
				ONLY_ACTIVE_ARCH = YES;
				SDKROOT = iphoneos;
				SWIFT_OPTIMIZATION_LEVEL = "-Onone";
			};
			name = Debug;
		};
		D32723541B0FED640076ACBD /* Release */ = {
			isa = XCBuildConfiguration;
			buildSettings = {
				ALWAYS_SEARCH_USER_PATHS = NO;
				CLANG_CXX_LANGUAGE_STANDARD = "gnu++0x";
				CLANG_CXX_LIBRARY = "libc++";
				CLANG_ENABLE_MODULES = YES;
				CLANG_ENABLE_OBJC_ARC = YES;
				CLANG_WARN_BOOL_CONVERSION = YES;
				CLANG_WARN_CONSTANT_CONVERSION = YES;
				CLANG_WARN_DIRECT_OBJC_ISA_USAGE = YES_ERROR;
				CLANG_WARN_EMPTY_BODY = YES;
				CLANG_WARN_ENUM_CONVERSION = YES;
				CLANG_WARN_INT_CONVERSION = YES;
				CLANG_WARN_OBJC_ROOT_CLASS = YES_ERROR;
				CLANG_WARN_UNREACHABLE_CODE = YES;
				CLANG_WARN__DUPLICATE_METHOD_MATCH = YES;
				"CODE_SIGN_IDENTITY[sdk=iphoneos*]" = "iPhone Developer";
				COPY_PHASE_STRIP = NO;
				DEBUG_INFORMATION_FORMAT = "dwarf-with-dsym";
				ENABLE_NS_ASSERTIONS = NO;
				ENABLE_STRICT_OBJC_MSGSEND = YES;
				GCC_C_LANGUAGE_STANDARD = gnu99;
				GCC_NO_COMMON_BLOCKS = YES;
				GCC_WARN_64_TO_32_BIT_CONVERSION = YES;
				GCC_WARN_ABOUT_RETURN_TYPE = YES_ERROR;
				GCC_WARN_UNDECLARED_SELECTOR = YES;
				GCC_WARN_UNINITIALIZED_AUTOS = YES_AGGRESSIVE;
				GCC_WARN_UNUSED_FUNCTION = YES;
				GCC_WARN_UNUSED_VARIABLE = YES;
				IPHONEOS_DEPLOYMENT_TARGET = 9.0;
				MTL_ENABLE_DEBUG_INFO = NO;
				SDKROOT = iphoneos;
				VALIDATE_PRODUCT = YES;
			};
			name = Release;
		};
		D32723561B0FED640076ACBD /* Debug */ = {
			isa = XCBuildConfiguration;
			buildSettings = {
				ASSETCATALOG_COMPILER_APPICON_NAME = AppIcon;
				ASSETCATALOG_COMPILER_LAUNCHIMAGE_NAME = LaunchImage;
				INFOPLIST_FILE = "Ultra Countdown/Info.plist";
				LD_RUNPATH_SEARCH_PATHS = "$(inherited) @executable_path/Frameworks";
				PRODUCT_BUNDLE_IDENTIFIER = "Brian-Hollingsworth.$(PRODUCT_NAME:rfc1034identifier)";
				PRODUCT_NAME = "$(TARGET_NAME)";
			};
			name = Debug;
		};
		D32723571B0FED640076ACBD /* Release */ = {
			isa = XCBuildConfiguration;
			buildSettings = {
				ASSETCATALOG_COMPILER_APPICON_NAME = AppIcon;
				ASSETCATALOG_COMPILER_LAUNCHIMAGE_NAME = LaunchImage;
				INFOPLIST_FILE = "Ultra Countdown/Info.plist";
				LD_RUNPATH_SEARCH_PATHS = "$(inherited) @executable_path/Frameworks";
				PRODUCT_BUNDLE_IDENTIFIER = "Brian-Hollingsworth.$(PRODUCT_NAME:rfc1034identifier)";
				PRODUCT_NAME = "$(TARGET_NAME)";
			};
			name = Release;
		};
		D32723591B0FED640076ACBD /* Debug */ = {
			isa = XCBuildConfiguration;
			buildSettings = {
				BUNDLE_LOADER = "$(TEST_HOST)";
				FRAMEWORK_SEARCH_PATHS = (
					"$(SDKROOT)/Developer/Library/Frameworks",
					"$(inherited)",
				);
				GCC_PREPROCESSOR_DEFINITIONS = (
					"DEBUG=1",
					"$(inherited)",
				);
				INFOPLIST_FILE = "Ultra CountdownTests/Info.plist";
				LD_RUNPATH_SEARCH_PATHS = "$(inherited) @executable_path/Frameworks @loader_path/Frameworks";
				PRODUCT_BUNDLE_IDENTIFIER = "Brian-Hollingsworth.$(PRODUCT_NAME:rfc1034identifier)";
				PRODUCT_NAME = "$(TARGET_NAME)";
				TEST_HOST = "$(BUILT_PRODUCTS_DIR)/Ultra Countdown.app/Ultra Countdown";
			};
			name = Debug;
		};
		D327235A1B0FED640076ACBD /* Release */ = {
			isa = XCBuildConfiguration;
			buildSettings = {
				BUNDLE_LOADER = "$(TEST_HOST)";
				FRAMEWORK_SEARCH_PATHS = (
					"$(SDKROOT)/Developer/Library/Frameworks",
					"$(inherited)",
				);
				INFOPLIST_FILE = "Ultra CountdownTests/Info.plist";
				LD_RUNPATH_SEARCH_PATHS = "$(inherited) @executable_path/Frameworks @loader_path/Frameworks";
				PRODUCT_BUNDLE_IDENTIFIER = "Brian-Hollingsworth.$(PRODUCT_NAME:rfc1034identifier)";
				PRODUCT_NAME = "$(TARGET_NAME)";
				TEST_HOST = "$(BUILT_PRODUCTS_DIR)/Ultra Countdown.app/Ultra Countdown";
			};
			name = Release;
		};
		D34F21491B3A6A010023F780 /* Debug */ = {
			isa = XCBuildConfiguration;
			buildSettings = {
				ASSETCATALOG_COMPILER_APPICON_NAME = AppIcon;
				CODE_SIGN_IDENTITY = "iPhone Developer";
				"CODE_SIGN_IDENTITY[sdk=iphoneos*]" = "iPhone Developer";
				EMBEDDED_CONTENT_CONTAINS_SWIFT = YES;
				GCC_PREPROCESSOR_DEFINITIONS = (
					"DEBUG=1",
					"$(inherited)",
				);
				IBSC_MODULE = Ultra_2016_WatchKit_Extension;
				INFOPLIST_FILE = "Ultra 2016 WatchKit App/Info.plist";
				PRODUCT_BUNDLE_IDENTIFIER = "Brian-Hollingsworth.Ultra-Countdown.watchkitapp";
				PRODUCT_NAME = "$(TARGET_NAME)";
				PROVISIONING_PROFILE = "";
				SDKROOT = watchos;
				SKIP_INSTALL = YES;
				TARGETED_DEVICE_FAMILY = 4;
				WATCHOS_DEPLOYMENT_TARGET = 2.0;
			};
			name = Debug;
		};
		D34F214A1B3A6A010023F780 /* Release */ = {
			isa = XCBuildConfiguration;
			buildSettings = {
				ASSETCATALOG_COMPILER_APPICON_NAME = AppIcon;
				CODE_SIGN_IDENTITY = "iPhone Developer";
				"CODE_SIGN_IDENTITY[sdk=iphoneos*]" = "iPhone Developer";
				EMBEDDED_CONTENT_CONTAINS_SWIFT = YES;
				IBSC_MODULE = Ultra_2016_WatchKit_Extension;
				INFOPLIST_FILE = "Ultra 2016 WatchKit App/Info.plist";
				PRODUCT_BUNDLE_IDENTIFIER = "Brian-Hollingsworth.Ultra-Countdown.watchkitapp";
				PRODUCT_NAME = "$(TARGET_NAME)";
				PROVISIONING_PROFILE = "";
				SDKROOT = watchos;
				SKIP_INSTALL = YES;
				TARGETED_DEVICE_FAMILY = 4;
				WATCHOS_DEPLOYMENT_TARGET = 2.0;
			};
			name = Release;
		};
		D34F214C1B3A6A010023F780 /* Debug */ = {
			isa = XCBuildConfiguration;
			buildSettings = {
				GCC_PREPROCESSOR_DEFINITIONS = (
					"DEBUG=1",
					"$(inherited)",
				);
				INFOPLIST_FILE = "Ultra 2016 WatchKit Extension/Info.plist";
				LD_RUNPATH_SEARCH_PATHS = "$(inherited) @executable_path/Frameworks @executable_path/../../Frameworks";
				PRODUCT_BUNDLE_IDENTIFIER = "Brian-Hollingsworth.Ultra-Countdown.watchkitapp.watchkitextension";
				PRODUCT_NAME = "${TARGET_NAME}";
				SDKROOT = watchos;
				SKIP_INSTALL = YES;
				TARGETED_DEVICE_FAMILY = 4;
				WATCHOS_DEPLOYMENT_TARGET = 2.0;
			};
			name = Debug;
		};
		D34F214D1B3A6A010023F780 /* Release */ = {
			isa = XCBuildConfiguration;
			buildSettings = {
				INFOPLIST_FILE = "Ultra 2016 WatchKit Extension/Info.plist";
				LD_RUNPATH_SEARCH_PATHS = "$(inherited) @executable_path/Frameworks @executable_path/../../Frameworks";
				PRODUCT_BUNDLE_IDENTIFIER = "Brian-Hollingsworth.Ultra-Countdown.watchkitapp.watchkitextension";
				PRODUCT_NAME = "${TARGET_NAME}";
				SDKROOT = watchos;
				SKIP_INSTALL = YES;
				TARGETED_DEVICE_FAMILY = 4;
				WATCHOS_DEPLOYMENT_TARGET = 2.0;
			};
			name = Release;
		};
/* End XCBuildConfiguration section */

/* Begin XCConfigurationList section */
		D32723311B0FED630076ACBD /* Build configuration list for PBXProject "Ultra Countdown" */ = {
			isa = XCConfigurationList;
			buildConfigurations = (
				D32723531B0FED640076ACBD /* Debug */,
				D32723541B0FED640076ACBD /* Release */,
			);
			defaultConfigurationIsVisible = 0;
			defaultConfigurationName = Release;
		};
		D32723551B0FED640076ACBD /* Build configuration list for PBXNativeTarget "Ultra Countdown" */ = {
			isa = XCConfigurationList;
			buildConfigurations = (
				D32723561B0FED640076ACBD /* Debug */,
				D32723571B0FED640076ACBD /* Release */,
			);
			defaultConfigurationIsVisible = 0;
			defaultConfigurationName = Release;
		};
		D32723581B0FED640076ACBD /* Build configuration list for PBXNativeTarget "Ultra CountdownTests" */ = {
			isa = XCConfigurationList;
			buildConfigurations = (
				D32723591B0FED640076ACBD /* Debug */,
				D327235A1B0FED640076ACBD /* Release */,
			);
			defaultConfigurationIsVisible = 0;
			defaultConfigurationName = Release;
		};
		D34F21481B3A6A010023F780 /* Build configuration list for PBXNativeTarget "Ultra 2016 WatchKit App" */ = {
			isa = XCConfigurationList;
			buildConfigurations = (
				D34F21491B3A6A010023F780 /* Debug */,
				D34F214A1B3A6A010023F780 /* Release */,
			);
			defaultConfigurationIsVisible = 0;
			defaultConfigurationName = Release;
		};
		D34F214B1B3A6A010023F780 /* Build configuration list for PBXNativeTarget "Ultra 2016 WatchKit Extension" */ = {
			isa = XCConfigurationList;
			buildConfigurations = (
				D34F214C1B3A6A010023F780 /* Debug */,
				D34F214D1B3A6A010023F780 /* Release */,
			);
			defaultConfigurationIsVisible = 0;
			defaultConfigurationName = Release;
		};
/* End XCConfigurationList section */
	};
	rootObject = D327232E1B0FED630076ACBD /* Project object */;
}
